
Microsoft Visual Studio Solution File, Format Version 12.00
# Visual Studio Version 17
VisualStudioVersion = 17.1.32228.430
MinimumVisualStudioVersion = 10.0.40219.1
Project("{9A19103F-16F7-4668-BE54-9A1E7A4F7556}") = "IntercambioGenebraAPI", "IntercambioGenebra_API\IntercambioGenebraAPI.csproj", "{0CBC6E27-838F-4FF5-A3AF-79CFEC64DFDC}"
EndProject
Project("{2150E333-8FDC-42A3-9474-1A3956D46DE8}") = "Solution Items", "Solution Items", "{3B32DF32-6423-4317-B767-DF41B6280EE0}"
	ProjectSection(SolutionItems) = preProject
		.editorconfig = .editorconfig
	EndProjectSection
EndProject
Project("{9A19103F-16F7-4668-BE54-9A1E7A4F7556}") = "IntercambioGenebraAPI.Tests", "IntercambioGenebraAPI.Tests\IntercambioGenebraAPI.Tests.csproj", "{44620817-26C3-495A-880F-232265ED0116}"
EndProject
Global
	GlobalSection(SolutionConfigurationPlatforms) = preSolution
		Debug|Any CPU = Debug|Any CPU
		Release|Any CPU = Release|Any CPU
	EndGlobalSection
	GlobalSection(ProjectConfigurationPlatforms) = postSolution
		{0CBC6E27-838F-4FF5-A3AF-79CFEC64DFDC}.Debug|Any CPU.ActiveCfg = Debug|Any CPU
		{0CBC6E27-838F-4FF5-A3AF-79CFEC64DFDC}.Debug|Any CPU.Build.0 = Debug|Any CPU
		{0CBC6E27-838F-4FF5-A3AF-79CFEC64DFDC}.Release|Any CPU.ActiveCfg = Release|Any CPU
		{0CBC6E27-838F-4FF5-A3AF-79CFEC64DFDC}.Release|Any CPU.Build.0 = Release|Any CPU
		{44620817-26C3-495A-880F-232265ED0116}.Debug|Any CPU.ActiveCfg = Debug|Any CPU
		{44620817-26C3-495A-880F-232265ED0116}.Debug|Any CPU.Build.0 = Debug|Any CPU
		{44620817-26C3-495A-880F-232265ED0116}.Release|Any CPU.ActiveCfg = Release|Any CPU
		{44620817-26C3-495A-880F-232265ED0116}.Release|Any CPU.Build.0 = Release|Any CPU
	EndGlobalSection
	GlobalSection(SolutionProperties) = preSolution
		HideSolutionNode = FALSE
	EndGlobalSection
	GlobalSection(ExtensibilityGlobals) = postSolution
		SolutionGuid = {C02D0B14-3EAA-4B24-B257-EB571E93153D}
	EndGlobalSection
EndGlobal
